
Microsoft Visual Studio Solution File, Format Version 12.00
# Visual Studio Version 17
VisualStudioVersion = 17.6.33815.320
MinimumVisualStudioVersion = 10.0.40219.1
Project("{888888A0-9F3D-457C-B088-3A5042F75D52}") = "hand writing project", "hand writing project\hand writing project.pyproj", "{000223B6-45DB-444B-BFBF-E93421AC37E8}"
EndProject
Global
	GlobalSection(SolutionConfigurationPlatforms) = preSolution
		Debug|Any CPU = Debug|Any CPU
		Release|Any CPU = Release|Any CPU
	EndGlobalSection
	GlobalSection(ProjectConfigurationPlatforms) = postSolution
		{000223B6-45DB-444B-BFBF-E93421AC37E8}.Debug|Any CPU.ActiveCfg = Debug|Any CPU
		{000223B6-45DB-444B-BFBF-E93421AC37E8}.Release|Any CPU.ActiveCfg = Release|Any CPU
	EndGlobalSection
	GlobalSection(SolutionProperties) = preSolution
		HideSolutionNode = FALSE
	EndGlobalSection
	GlobalSection(ExtensibilityGlobals) = postSolution
		SolutionGuid = {63ECCD1F-9696-4AD2-9244-322CF044265F}
	EndGlobalSection
EndGlobal
